
Microsoft Visual Studio Solution File, Format Version 12.00
# Visual Studio Version 16
VisualStudioVersion = 16.0.28803.452
MinimumVisualStudioVersion = 10.0.40219.1
Project("{FAE04EC0-301F-11D3-BF4B-00C04F79EFBC}") = "RockPaperScissorsLizardSpock", "RockPaperScissorsLizardSpock\RockPaperScissorsLizardSpock.csproj", "{20245CE0-E13E-485A-9299-C0349506F6AD}"
EndProject
Global
	GlobalSection(SolutionConfigurationPlatforms) = preSolution
		Debug|Any CPU = Debug|Any CPU
		Release|Any CPU = Release|Any CPU
	EndGlobalSection
	GlobalSection(ProjectConfigurationPlatforms) = postSolution
		{20245CE0-E13E-485A-9299-C0349506F6AD}.Debug|Any CPU.ActiveCfg = Debug|Any CPU
		{20245CE0-E13E-485A-9299-C0349506F6AD}.Debug|Any CPU.Build.0 = Debug|Any CPU
		{20245CE0-E13E-485A-9299-C0349506F6AD}.Release|Any CPU.ActiveCfg = Release|Any CPU
		{20245CE0-E13E-485A-9299-C0349506F6AD}.Release|Any CPU.Build.0 = Release|Any CPU
	EndGlobalSection
	GlobalSection(SolutionProperties) = preSolution
		HideSolutionNode = FALSE
	EndGlobalSection
	GlobalSection(ExtensibilityGlobals) = postSolution
		SolutionGuid = {AE5FFBB5-DE3A-427E-B103-FEBA982FDDE1}
	EndGlobalSection
EndGlobal
